
Microsoft Visual Studio Solution File, Format Version 12.00
# Visual Studio 14
VisualStudioVersion = 14.0.25123.0
MinimumVisualStudioVersion = 10.0.40219.1
Project("{FAE04EC0-301F-11D3-BF4B-00C04F79EFBC}") = "Escritorio", "Escritorio\Escritorio.csproj", "{2F00D3E5-5B5D-4CB9-822E-E9214F8334E0}"
EndProject
Project("{FAE04EC0-301F-11D3-BF4B-00C04F79EFBC}") = "Negocio", "Negocio\Negocio.csproj", "{98406EDB-BC98-4CF1-9ADD-DB01251710C7}"
EndProject
Project("{FAE04EC0-301F-11D3-BF4B-00C04F79EFBC}") = "Util", "Util\Util.csproj", "{5ED83561-47D4-4057-8B8D-457080C5B25E}"
EndProject
Project("{FAE04EC0-301F-11D3-BF4B-00C04F79EFBC}") = "Entidades", "Entidades\Entidades.csproj", "{CE41376D-0DEA-4B9E-9BDA-2784A9E9C460}"
EndProject
Project("{E24C65DC-7377-472B-9ABA-BC803B73C61A}") = "Web(2)", "Web\", "{D103C057-2421-4078-B66D-2CD422CADE05}"
	ProjectSection(WebsiteProperties) = preProject
		TargetFrameworkMoniker = ".NETFramework,Version%3Dv4.6.1"
		Debug.AspNetCompiler.VirtualPath = "/localhost_2103"
		Debug.AspNetCompiler.PhysicalPath = "Web\"
		Debug.AspNetCompiler.TargetPath = "PrecompiledWeb\localhost_2103\"
		Debug.AspNetCompiler.Updateable = "true"
		Debug.AspNetCompiler.ForceOverwrite = "true"
		Debug.AspNetCompiler.FixedNames = "false"
		Debug.AspNetCompiler.Debug = "True"
		Release.AspNetCompiler.VirtualPath = "/localhost_2103"
		Release.AspNetCompiler.PhysicalPath = "Web\"
		Release.AspNetCompiler.TargetPath = "PrecompiledWeb\localhost_2103\"
		Release.AspNetCompiler.Updateable = "true"
		Release.AspNetCompiler.ForceOverwrite = "true"
		Release.AspNetCompiler.FixedNames = "false"
		Release.AspNetCompiler.Debug = "False"
		VWDPort = "2103"
		SlnRelativePath = "Web\"
	EndProjectSection
EndProject
Project("{FAE04EC0-301F-11D3-BF4B-00C04F79EFBC}") = "Datos", "Datos\Datos.csproj", "{2D2C93EE-C9A1-49C7-B755-2B80F2DB0D7C}"
EndProject
Project("{FAE04EC0-301F-11D3-BF4B-00C04F79EFBC}") = "Consola", "Consola\Consola.csproj", "{5ACEAB34-7B3C-41C9-80B5-4056D3B47175}"
EndProject
Global
	GlobalSection(SolutionConfigurationPlatforms) = preSolution
		Debug|Any CPU = Debug|Any CPU
		Release|Any CPU = Release|Any CPU
	EndGlobalSection
	GlobalSection(ProjectConfigurationPlatforms) = postSolution
		{2F00D3E5-5B5D-4CB9-822E-E9214F8334E0}.Debug|Any CPU.ActiveCfg = Debug|Any CPU
		{2F00D3E5-5B5D-4CB9-822E-E9214F8334E0}.Debug|Any CPU.Build.0 = Debug|Any CPU
		{2F00D3E5-5B5D-4CB9-822E-E9214F8334E0}.Release|Any CPU.ActiveCfg = Release|Any CPU
		{2F00D3E5-5B5D-4CB9-822E-E9214F8334E0}.Release|Any CPU.Build.0 = Release|Any CPU
		{98406EDB-BC98-4CF1-9ADD-DB01251710C7}.Debug|Any CPU.ActiveCfg = Debug|Any CPU
		{98406EDB-BC98-4CF1-9ADD-DB01251710C7}.Debug|Any CPU.Build.0 = Debug|Any CPU
		{98406EDB-BC98-4CF1-9ADD-DB01251710C7}.Release|Any CPU.ActiveCfg = Release|Any CPU
		{98406EDB-BC98-4CF1-9ADD-DB01251710C7}.Release|Any CPU.Build.0 = Release|Any CPU
		{5ED83561-47D4-4057-8B8D-457080C5B25E}.Debug|Any CPU.ActiveCfg = Debug|Any CPU
		{5ED83561-47D4-4057-8B8D-457080C5B25E}.Debug|Any CPU.Build.0 = Debug|Any CPU
		{5ED83561-47D4-4057-8B8D-457080C5B25E}.Release|Any CPU.ActiveCfg = Release|Any CPU
		{5ED83561-47D4-4057-8B8D-457080C5B25E}.Release|Any CPU.Build.0 = Release|Any CPU
		{CE41376D-0DEA-4B9E-9BDA-2784A9E9C460}.Debug|Any CPU.ActiveCfg = Debug|Any CPU
		{CE41376D-0DEA-4B9E-9BDA-2784A9E9C460}.Debug|Any CPU.Build.0 = Debug|Any CPU
		{CE41376D-0DEA-4B9E-9BDA-2784A9E9C460}.Release|Any CPU.ActiveCfg = Release|Any CPU
		{CE41376D-0DEA-4B9E-9BDA-2784A9E9C460}.Release|Any CPU.Build.0 = Release|Any CPU
		{D103C057-2421-4078-B66D-2CD422CADE05}.Debug|Any CPU.ActiveCfg = Debug|Any CPU
		{D103C057-2421-4078-B66D-2CD422CADE05}.Debug|Any CPU.Build.0 = Debug|Any CPU
		{D103C057-2421-4078-B66D-2CD422CADE05}.Release|Any CPU.ActiveCfg = Debug|Any CPU
		{D103C057-2421-4078-B66D-2CD422CADE05}.Release|Any CPU.Build.0 = Debug|Any CPU
		{2D2C93EE-C9A1-49C7-B755-2B80F2DB0D7C}.Debug|Any CPU.ActiveCfg = Debug|Any CPU
		{2D2C93EE-C9A1-49C7-B755-2B80F2DB0D7C}.Debug|Any CPU.Build.0 = Debug|Any CPU
		{2D2C93EE-C9A1-49C7-B755-2B80F2DB0D7C}.Release|Any CPU.ActiveCfg = Release|Any CPU
		{2D2C93EE-C9A1-49C7-B755-2B80F2DB0D7C}.Release|Any CPU.Build.0 = Release|Any CPU
		{5ACEAB34-7B3C-41C9-80B5-4056D3B47175}.Debug|Any CPU.ActiveCfg = Debug|Any CPU
		{5ACEAB34-7B3C-41C9-80B5-4056D3B47175}.Debug|Any CPU.Build.0 = Debug|Any CPU
		{5ACEAB34-7B3C-41C9-80B5-4056D3B47175}.Release|Any CPU.ActiveCfg = Release|Any CPU
		{5ACEAB34-7B3C-41C9-80B5-4056D3B47175}.Release|Any CPU.Build.0 = Release|Any CPU
	EndGlobalSection
	GlobalSection(SolutionProperties) = preSolution
		HideSolutionNode = FALSE
	EndGlobalSection
EndGlobal
